
Microsoft Visual Studio Solution File, Format Version 12.00
# Visual Studio 15
VisualStudioVersion = 15.0.26730.16
MinimumVisualStudioVersion = 10.0.40219.1
Project("{FAE04EC0-301F-11D3-BF4B-00C04F79EFBC}") = "AssetManager", "AssetManager\AssetManager.csproj", "{429E24DA-994B-4F47-85F8-8EDDFF5FF006}"
EndProject
Project("{FAE04EC0-301F-11D3-BF4B-00C04F79EFBC}") = "AssetManager.Tests", "AssetManager.Tests\AssetManager.Tests.csproj", "{386870DE-431C-4913-A118-3943A1B2580C}"
EndProject
Project("{FAE04EC0-301F-11D3-BF4B-00C04F79EFBC}") = "AssetManager.Model", "AssetManager.Model\AssetManager.Model.csproj", "{C3A43256-4A6D-450A-92F3-B4233BD25F3C}"
EndProject
Project("{FAE04EC0-301F-11D3-BF4B-00C04F79EFBC}") = "AssetManager.DbContext", "AssetManager.DbContext\AssetManager.DbContext.csproj", "{C5BC0EE6-3445-4085-BF4D-D2ACFE2E8AE7}"
EndProject
Project("{FAE04EC0-301F-11D3-BF4B-00C04F79EFBC}") = "AssetManager.Data", "AssetManager.Data\AssetManager.Data.csproj", "{2EBD39E0-DB50-44E4-8F28-A67C62D4FE7F}"
EndProject
Global
	GlobalSection(SolutionConfigurationPlatforms) = preSolution
		Debug|Any CPU = Debug|Any CPU
		Release|Any CPU = Release|Any CPU
	EndGlobalSection
	GlobalSection(ProjectConfigurationPlatforms) = postSolution
		{429E24DA-994B-4F47-85F8-8EDDFF5FF006}.Debug|Any CPU.ActiveCfg = Debug|Any CPU
		{429E24DA-994B-4F47-85F8-8EDDFF5FF006}.Debug|Any CPU.Build.0 = Debug|Any CPU
		{429E24DA-994B-4F47-85F8-8EDDFF5FF006}.Release|Any CPU.ActiveCfg = Release|Any CPU
		{429E24DA-994B-4F47-85F8-8EDDFF5FF006}.Release|Any CPU.Build.0 = Release|Any CPU
		{386870DE-431C-4913-A118-3943A1B2580C}.Debug|Any CPU.ActiveCfg = Debug|Any CPU
		{386870DE-431C-4913-A118-3943A1B2580C}.Debug|Any CPU.Build.0 = Debug|Any CPU
		{386870DE-431C-4913-A118-3943A1B2580C}.Release|Any CPU.ActiveCfg = Release|Any CPU
		{386870DE-431C-4913-A118-3943A1B2580C}.Release|Any CPU.Build.0 = Release|Any CPU
		{C3A43256-4A6D-450A-92F3-B4233BD25F3C}.Debug|Any CPU.ActiveCfg = Debug|Any CPU
		{C3A43256-4A6D-450A-92F3-B4233BD25F3C}.Debug|Any CPU.Build.0 = Debug|Any CPU
		{C3A43256-4A6D-450A-92F3-B4233BD25F3C}.Release|Any CPU.ActiveCfg = Release|Any CPU
		{C3A43256-4A6D-450A-92F3-B4233BD25F3C}.Release|Any CPU.Build.0 = Release|Any CPU
		{C5BC0EE6-3445-4085-BF4D-D2ACFE2E8AE7}.Debug|Any CPU.ActiveCfg = Debug|Any CPU
		{C5BC0EE6-3445-4085-BF4D-D2ACFE2E8AE7}.Debug|Any CPU.Build.0 = Debug|Any CPU
		{C5BC0EE6-3445-4085-BF4D-D2ACFE2E8AE7}.Release|Any CPU.ActiveCfg = Release|Any CPU
		{C5BC0EE6-3445-4085-BF4D-D2ACFE2E8AE7}.Release|Any CPU.Build.0 = Release|Any CPU
		{2EBD39E0-DB50-44E4-8F28-A67C62D4FE7F}.Debug|Any CPU.ActiveCfg = Debug|Any CPU
		{2EBD39E0-DB50-44E4-8F28-A67C62D4FE7F}.Debug|Any CPU.Build.0 = Debug|Any CPU
		{2EBD39E0-DB50-44E4-8F28-A67C62D4FE7F}.Release|Any CPU.ActiveCfg = Release|Any CPU
		{2EBD39E0-DB50-44E4-8F28-A67C62D4FE7F}.Release|Any CPU.Build.0 = Release|Any CPU
	EndGlobalSection
	GlobalSection(SolutionProperties) = preSolution
		HideSolutionNode = FALSE
	EndGlobalSection
	GlobalSection(ExtensibilityGlobals) = postSolution
		SolutionGuid = {3700588C-DD28-45B1-AC8E-CCFD6CD3D271}
	EndGlobalSection
EndGlobal
